
Microsoft Visual Studio Solution File, Format Version 12.00
# Visual Studio Version 17
VisualStudioVersion = 17.10.34902.84
MinimumVisualStudioVersion = 10.0.40219.1
Project("{9A19103F-16F7-4668-BE54-9A1E7A4F7556}") = "BlazorWebApp.FileUpload", "BlazorWebApp.FileUpload\BlazorWebApp.FileUpload.csproj", "{5AD45E1C-0550-45EA-AD1F-F208C14657C6}"
EndProject
Project("{FAE04EC0-301F-11D3-BF4B-00C04F79EFBC}") = "DotNet8.DbService", "DotNet8.DbService\DotNet8.DbService.csproj", "{67859143-1DE1-4FD0-BA1C-1CDBBEEAF183}"
EndProject
Global
	GlobalSection(SolutionConfigurationPlatforms) = preSolution
		Debug|Any CPU = Debug|Any CPU
		Release|Any CPU = Release|Any CPU
	EndGlobalSection
	GlobalSection(ProjectConfigurationPlatforms) = postSolution
		{5AD45E1C-0550-45EA-AD1F-F208C14657C6}.Debug|Any CPU.ActiveCfg = Debug|Any CPU
		{5AD45E1C-0550-45EA-AD1F-F208C14657C6}.Debug|Any CPU.Build.0 = Debug|Any CPU
		{5AD45E1C-0550-45EA-AD1F-F208C14657C6}.Release|Any CPU.ActiveCfg = Release|Any CPU
		{5AD45E1C-0550-45EA-AD1F-F208C14657C6}.Release|Any CPU.Build.0 = Release|Any CPU
		{67859143-1DE1-4FD0-BA1C-1CDBBEEAF183}.Debug|Any CPU.ActiveCfg = Debug|Any CPU
		{67859143-1DE1-4FD0-BA1C-1CDBBEEAF183}.Debug|Any CPU.Build.0 = Debug|Any CPU
		{67859143-1DE1-4FD0-BA1C-1CDBBEEAF183}.Release|Any CPU.ActiveCfg = Release|Any CPU
		{67859143-1DE1-4FD0-BA1C-1CDBBEEAF183}.Release|Any CPU.Build.0 = Release|Any CPU
	EndGlobalSection
	GlobalSection(SolutionProperties) = preSolution
		HideSolutionNode = FALSE
	EndGlobalSection
	GlobalSection(ExtensibilityGlobals) = postSolution
		SolutionGuid = {828D7C35-D4F3-42D4-9A71-100E5A5FF47E}
	EndGlobalSection
EndGlobal
